
Microsoft Visual Studio Solution File, Format Version 12.00
# Visual Studio Version 17
VisualStudioVersion = 17.4.33122.133
MinimumVisualStudioVersion = 10.0.40219.1
Project("{FAE04EC0-301F-11D3-BF4B-00C04F79EFBC}") = "Project_8_new", "Project_8_new\Project_8_new.csproj", "{C55C115D-A641-4ADB-85EC-1322D34F054F}"
EndProject
Global
	GlobalSection(SolutionConfigurationPlatforms) = preSolution
		Debug|Any CPU = Debug|Any CPU
		Release|Any CPU = Release|Any CPU
	EndGlobalSection
	GlobalSection(ProjectConfigurationPlatforms) = postSolution
		{C55C115D-A641-4ADB-85EC-1322D34F054F}.Debug|Any CPU.ActiveCfg = Debug|Any CPU
		{C55C115D-A641-4ADB-85EC-1322D34F054F}.Debug|Any CPU.Build.0 = Debug|Any CPU
		{C55C115D-A641-4ADB-85EC-1322D34F054F}.Release|Any CPU.ActiveCfg = Release|Any CPU
		{C55C115D-A641-4ADB-85EC-1322D34F054F}.Release|Any CPU.Build.0 = Release|Any CPU
	EndGlobalSection
	GlobalSection(SolutionProperties) = preSolution
		HideSolutionNode = FALSE
	EndGlobalSection
	GlobalSection(ExtensibilityGlobals) = postSolution
		SolutionGuid = {776D7D30-7751-4D31-8F84-3B62EA1CFB01}
	EndGlobalSection
EndGlobal
