
Microsoft Visual Studio Solution File, Format Version 12.00
# Visual Studio Version 17
VisualStudioVersion = 17.4.33122.133
MinimumVisualStudioVersion = 10.0.40219.1
Project("{FAE04EC0-301F-11D3-BF4B-00C04F79EFBC}") = "sweetAlert", "sweetAlert\sweetAlert.csproj", "{7EA3E2F2-3181-4B1A-8264-3ABD6F23BEF3}"
EndProject
Global
	GlobalSection(SolutionConfigurationPlatforms) = preSolution
		Debug|Any CPU = Debug|Any CPU
		Release|Any CPU = Release|Any CPU
	EndGlobalSection
	GlobalSection(ProjectConfigurationPlatforms) = postSolution
		{7EA3E2F2-3181-4B1A-8264-3ABD6F23BEF3}.Debug|Any CPU.ActiveCfg = Debug|Any CPU
		{7EA3E2F2-3181-4B1A-8264-3ABD6F23BEF3}.Debug|Any CPU.Build.0 = Debug|Any CPU
		{7EA3E2F2-3181-4B1A-8264-3ABD6F23BEF3}.Release|Any CPU.ActiveCfg = Release|Any CPU
		{7EA3E2F2-3181-4B1A-8264-3ABD6F23BEF3}.Release|Any CPU.Build.0 = Release|Any CPU
	EndGlobalSection
	GlobalSection(SolutionProperties) = preSolution
		HideSolutionNode = FALSE
	EndGlobalSection
	GlobalSection(ExtensibilityGlobals) = postSolution
		SolutionGuid = {E0DA7790-FA69-4FE5-93CE-423BEF5CAB05}
	EndGlobalSection
EndGlobal
